
Microsoft Visual Studio Solution File, Format Version 12.00
# Visual Studio 15
VisualStudioVersion = 15.0.26730.16
MinimumVisualStudioVersion = 10.0.40219.1
Project("{FAE04EC0-301F-11D3-BF4B-00C04F79EFBC}") = "10-CRUDPracticaExamen-UI", "10-CRUDPracticaExamen-UI\10-CRUDPracticaExamen-UI.csproj", "{411D0BB5-ADF7-4446-8349-CEA691FF00BA}"
EndProject
Project("{FAE04EC0-301F-11D3-BF4B-00C04F79EFBC}") = "10-CRUDPracticaExamen-BL", "10-CRUDPracticaExamen-BL\10-CRUDPracticaExamen-BL.csproj", "{7759FA12-7745-4C82-B32F-022D1992ABC3}"
EndProject
Project("{FAE04EC0-301F-11D3-BF4B-00C04F79EFBC}") = "10-CRUDPracticaExamen-DAL", "10-CRUDPracticaExamen-DAL\10-CRUDPracticaExamen-DAL.csproj", "{F1884947-E580-4BBA-A3C3-F31754904837}"
EndProject
Project("{FAE04EC0-301F-11D3-BF4B-00C04F79EFBC}") = "10-CRUDPracticaExamen-Entities", "10-CRUDPracticaExamen-Entities\10-CRUDPracticaExamen-Entities.csproj", "{F95F12BA-17AF-4D66-98C9-5893DA2040C1}"
EndProject
Global
	GlobalSection(SolutionConfigurationPlatforms) = preSolution
		Debug|Any CPU = Debug|Any CPU
		Release|Any CPU = Release|Any CPU
	EndGlobalSection
	GlobalSection(ProjectConfigurationPlatforms) = postSolution
		{411D0BB5-ADF7-4446-8349-CEA691FF00BA}.Debug|Any CPU.ActiveCfg = Debug|Any CPU
		{411D0BB5-ADF7-4446-8349-CEA691FF00BA}.Debug|Any CPU.Build.0 = Debug|Any CPU
		{411D0BB5-ADF7-4446-8349-CEA691FF00BA}.Release|Any CPU.ActiveCfg = Release|Any CPU
		{411D0BB5-ADF7-4446-8349-CEA691FF00BA}.Release|Any CPU.Build.0 = Release|Any CPU
		{7759FA12-7745-4C82-B32F-022D1992ABC3}.Debug|Any CPU.ActiveCfg = Debug|Any CPU
		{7759FA12-7745-4C82-B32F-022D1992ABC3}.Debug|Any CPU.Build.0 = Debug|Any CPU
		{7759FA12-7745-4C82-B32F-022D1992ABC3}.Release|Any CPU.ActiveCfg = Release|Any CPU
		{7759FA12-7745-4C82-B32F-022D1992ABC3}.Release|Any CPU.Build.0 = Release|Any CPU
		{F1884947-E580-4BBA-A3C3-F31754904837}.Debug|Any CPU.ActiveCfg = Debug|Any CPU
		{F1884947-E580-4BBA-A3C3-F31754904837}.Debug|Any CPU.Build.0 = Debug|Any CPU
		{F1884947-E580-4BBA-A3C3-F31754904837}.Release|Any CPU.ActiveCfg = Release|Any CPU
		{F1884947-E580-4BBA-A3C3-F31754904837}.Release|Any CPU.Build.0 = Release|Any CPU
		{F95F12BA-17AF-4D66-98C9-5893DA2040C1}.Debug|Any CPU.ActiveCfg = Debug|Any CPU
		{F95F12BA-17AF-4D66-98C9-5893DA2040C1}.Debug|Any CPU.Build.0 = Debug|Any CPU
		{F95F12BA-17AF-4D66-98C9-5893DA2040C1}.Release|Any CPU.ActiveCfg = Release|Any CPU
		{F95F12BA-17AF-4D66-98C9-5893DA2040C1}.Release|Any CPU.Build.0 = Release|Any CPU
	EndGlobalSection
	GlobalSection(SolutionProperties) = preSolution
		HideSolutionNode = FALSE
	EndGlobalSection
	GlobalSection(ExtensibilityGlobals) = postSolution
		SolutionGuid = {08376473-871C-43AA-966E-78ED08E1B040}
	EndGlobalSection
EndGlobal
