
Microsoft Visual Studio Solution File, Format Version 12.00
# Visual Studio 15
VisualStudioVersion = 15.0.26730.16
MinimumVisualStudioVersion = 10.0.40219.1
Project("{FAE04EC0-301F-11D3-BF4B-00C04F79EFBC}") = "05-PersonaModificada-ASP.NET", "05-PersonaModificada-ASP.NET\05-PersonaModificada-ASP.NET.csproj", "{81F9CEC5-798A-43A6-9999-5266B77C9951}"
EndProject
Global
	GlobalSection(SolutionConfigurationPlatforms) = preSolution
		Debug|Any CPU = Debug|Any CPU
		Release|Any CPU = Release|Any CPU
	EndGlobalSection
	GlobalSection(ProjectConfigurationPlatforms) = postSolution
		{81F9CEC5-798A-43A6-9999-5266B77C9951}.Debug|Any CPU.ActiveCfg = Debug|Any CPU
		{81F9CEC5-798A-43A6-9999-5266B77C9951}.Debug|Any CPU.Build.0 = Debug|Any CPU
		{81F9CEC5-798A-43A6-9999-5266B77C9951}.Release|Any CPU.ActiveCfg = Release|Any CPU
		{81F9CEC5-798A-43A6-9999-5266B77C9951}.Release|Any CPU.Build.0 = Release|Any CPU
	EndGlobalSection
	GlobalSection(SolutionProperties) = preSolution
		HideSolutionNode = FALSE
	EndGlobalSection
	GlobalSection(ExtensibilityGlobals) = postSolution
		SolutionGuid = {C0546583-A421-40C6-B5DA-A5E8B032BB9E}
	EndGlobalSection
EndGlobal
