
Microsoft Visual Studio Solution File, Format Version 12.00
# Visual Studio 15
VisualStudioVersion = 15.0.27130.2003
MinimumVisualStudioVersion = 10.0.40219.1
Project("{FAE04EC0-301F-11D3-BF4B-00C04F79EFBC}") = "20-API_ASP_Core_UI", "20-API_ASP_Core_UI\20-API_ASP_Core_UI.csproj", "{37F595F4-8A49-4957-BF57-95308F9365C8}"
EndProject
Project("{FAE04EC0-301F-11D3-BF4B-00C04F79EFBC}") = "20-API_ASP_Core_ET", "20-API_ASP_Core_ET\20-API_ASP_Core_ET.csproj", "{8E985D73-D2E7-49AB-8528-FE62AA134F49}"
EndProject
Project("{FAE04EC0-301F-11D3-BF4B-00C04F79EFBC}") = "20-API_ASP_Core_DAL", "20-API_ASP_Core_DAL\20-API_ASP_Core_DAL.csproj", "{A8E1EF2F-7C6E-4C28-BA8E-1A883F4F7B0A}"
EndProject
Project("{FAE04EC0-301F-11D3-BF4B-00C04F79EFBC}") = "20-API_ASP_Core_BL", "20-API_ASP_Core_BL\20-API_ASP_Core_BL.csproj", "{CC96E43E-2D47-464C-877F-571758090FA7}"
EndProject
Global
	GlobalSection(SolutionConfigurationPlatforms) = preSolution
		Debug|Any CPU = Debug|Any CPU
		Release|Any CPU = Release|Any CPU
	EndGlobalSection
	GlobalSection(ProjectConfigurationPlatforms) = postSolution
		{37F595F4-8A49-4957-BF57-95308F9365C8}.Debug|Any CPU.ActiveCfg = Debug|Any CPU
		{37F595F4-8A49-4957-BF57-95308F9365C8}.Debug|Any CPU.Build.0 = Debug|Any CPU
		{37F595F4-8A49-4957-BF57-95308F9365C8}.Release|Any CPU.ActiveCfg = Release|Any CPU
		{37F595F4-8A49-4957-BF57-95308F9365C8}.Release|Any CPU.Build.0 = Release|Any CPU
		{8E985D73-D2E7-49AB-8528-FE62AA134F49}.Debug|Any CPU.ActiveCfg = Debug|Any CPU
		{8E985D73-D2E7-49AB-8528-FE62AA134F49}.Debug|Any CPU.Build.0 = Debug|Any CPU
		{8E985D73-D2E7-49AB-8528-FE62AA134F49}.Release|Any CPU.ActiveCfg = Release|Any CPU
		{8E985D73-D2E7-49AB-8528-FE62AA134F49}.Release|Any CPU.Build.0 = Release|Any CPU
		{A8E1EF2F-7C6E-4C28-BA8E-1A883F4F7B0A}.Debug|Any CPU.ActiveCfg = Debug|Any CPU
		{A8E1EF2F-7C6E-4C28-BA8E-1A883F4F7B0A}.Debug|Any CPU.Build.0 = Debug|Any CPU
		{A8E1EF2F-7C6E-4C28-BA8E-1A883F4F7B0A}.Release|Any CPU.ActiveCfg = Release|Any CPU
		{A8E1EF2F-7C6E-4C28-BA8E-1A883F4F7B0A}.Release|Any CPU.Build.0 = Release|Any CPU
		{CC96E43E-2D47-464C-877F-571758090FA7}.Debug|Any CPU.ActiveCfg = Debug|Any CPU
		{CC96E43E-2D47-464C-877F-571758090FA7}.Debug|Any CPU.Build.0 = Debug|Any CPU
		{CC96E43E-2D47-464C-877F-571758090FA7}.Release|Any CPU.ActiveCfg = Release|Any CPU
		{CC96E43E-2D47-464C-877F-571758090FA7}.Release|Any CPU.Build.0 = Release|Any CPU
	EndGlobalSection
	GlobalSection(SolutionProperties) = preSolution
		HideSolutionNode = FALSE
	EndGlobalSection
	GlobalSection(ExtensibilityGlobals) = postSolution
		SolutionGuid = {2F70F027-F574-4C76-AD54-F1DF7202E731}
	EndGlobalSection
EndGlobal
